
Microsoft Visual Studio Solution File, Format Version 12.00
# Visual Studio 15
VisualStudioVersion = 15.0.27130.2010
MinimumVisualStudioVersion = 10.0.40219.1
Project("{FAE04EC0-301F-11D3-BF4B-00C04F79EFBC}") = "OlaMundo", "OlaMundo\OlaMundo.csproj", "{0F439C5A-64F1-44F4-A655-A93AD63DAEF8}"
EndProject
Global
	GlobalSection(SolutionConfigurationPlatforms) = preSolution
		Debug|Any CPU = Debug|Any CPU
		Release|Any CPU = Release|Any CPU
	EndGlobalSection
	GlobalSection(ProjectConfigurationPlatforms) = postSolution
		{0F439C5A-64F1-44F4-A655-A93AD63DAEF8}.Debug|Any CPU.ActiveCfg = Debug|Any CPU
		{0F439C5A-64F1-44F4-A655-A93AD63DAEF8}.Debug|Any CPU.Build.0 = Debug|Any CPU
		{0F439C5A-64F1-44F4-A655-A93AD63DAEF8}.Release|Any CPU.ActiveCfg = Release|Any CPU
		{0F439C5A-64F1-44F4-A655-A93AD63DAEF8}.Release|Any CPU.Build.0 = Release|Any CPU
	EndGlobalSection
	GlobalSection(SolutionProperties) = preSolution
		HideSolutionNode = FALSE
	EndGlobalSection
	GlobalSection(ExtensibilityGlobals) = postSolution
		SolutionGuid = {205A2F79-6292-4394-962E-C82465B72B96}
	EndGlobalSection
EndGlobal
